// !$*UTF8*$!
{
	archiveVersion = 1;
	classes = {
	};
	objectVersion = 56;
	objects = {

/* Begin PBXBuildFile section */
		062333304387A537E19A6F4A /* Pods_FileManagerApp.framework in Frameworks */ = {isa = PBXBuildFile; fileRef = A10024B78D06DFDDA5BC0880 /* Pods_FileManagerApp.framework */; };
		79688A6A291D12820079804E /* Coordinator.swift in Sources */ = {isa = PBXBuildFile; fileRef = 79688A69291D12820079804E /* Coordinator.swift */; };
		79688A6C291D142B0079804E /* SettingsViewController.swift in Sources */ = {isa = PBXBuildFile; fileRef = 79688A6B291D142B0079804E /* SettingsViewController.swift */; };
		79688A70291D58440079804E /* URL+extension.swift in Sources */ = {isa = PBXBuildFile; fileRef = 79688A6F291D58440079804E /* URL+extension.swift */; };
		796D32DA2916BB7F00B9C306 /* KeychainAccess in Frameworks */ = {isa = PBXBuildFile; productRef = 796D32D92916BB7F00B9C306 /* KeychainAccess */; };
		799FC3A12915151100A27872 /* PasswordViewController.swift in Sources */ = {isa = PBXBuildFile; fileRef = 799FC3A02915151100A27872 /* PasswordViewController.swift */; };
		799FC3A3291542F800A27872 /* KeychainService.swift in Sources */ = {isa = PBXBuildFile; fileRef = 799FC3A2291542F800A27872 /* KeychainService.swift */; };
		79C10D832913D58D0001E03E /* AppDelegate.swift in Sources */ = {isa = PBXBuildFile; fileRef = 79C10D822913D58D0001E03E /* AppDelegate.swift */; };
		79C10D8C2913D58E0001E03E /* Assets.xcassets in Resources */ = {isa = PBXBuildFile; fileRef = 79C10D8B2913D58E0001E03E /* Assets.xcassets */; };
		79C10D8F2913D58F0001E03E /* LaunchScreen.storyboard in Resources */ = {isa = PBXBuildFile; fileRef = 79C10D8D2913D58F0001E03E /* LaunchScreen.storyboard */; };
		79C10D972913D6340001E03E /* DirectoryViewController.swift in Sources */ = {isa = PBXBuildFile; fileRef = 79C10D962913D6340001E03E /* DirectoryViewController.swift */; };
		79C10D992913D6560001E03E /* FileManagerService.swift in Sources */ = {isa = PBXBuildFile; fileRef = 79C10D982913D6560001E03E /* FileManagerService.swift */; };
/* End PBXBuildFile section */

/* Begin PBXFileReference section */
		4107CEC932EDDB40BD935F33 /* Pods-FileManagerApp.debug.xcconfig */ = {isa = PBXFileReference; includeInIndex = 1; lastKnownFileType = text.xcconfig; name = "Pods-FileManagerApp.debug.xcconfig"; path = "Target Support Files/Pods-FileManagerApp/Pods-FileManagerApp.debug.xcconfig"; sourceTree = "<group>"; };
		79688A69291D12820079804E /* Coordinator.swift */ = {isa = PBXFileReference; lastKnownFileType = sourcecode.swift; path = Coordinator.swift; sourceTree = "<group>"; };
		79688A6B291D142B0079804E /* SettingsViewController.swift */ = {isa = PBXFileReference; lastKnownFileType = sourcecode.swift; path = SettingsViewController.swift; sourceTree = "<group>"; };
		79688A6F291D58440079804E /* URL+extension.swift */ = {isa = PBXFileReference; lastKnownFileType = sourcecode.swift; path = "URL+extension.swift"; sourceTree = "<group>"; };
		799FC3A02915151100A27872 /* PasswordViewController.swift */ = {isa = PBXFileReference; lastKnownFileType = sourcecode.swift; path = PasswordViewController.swift; sourceTree = "<group>"; };
		799FC3A2291542F800A27872 /* KeychainService.swift */ = {isa = PBXFileReference; lastKnownFileType = sourcecode.swift; path = KeychainService.swift; sourceTree = "<group>"; };
		79C10D7F2913D58D0001E03E /* FileManagerApp.app */ = {isa = PBXFileReference; explicitFileType = wrapper.application; includeInIndex = 0; path = FileManagerApp.app; sourceTree = BUILT_PRODUCTS_DIR; };
		79C10D822913D58D0001E03E /* AppDelegate.swift */ = {isa = PBXFileReference; lastKnownFileType = sourcecode.swift; path = AppDelegate.swift; sourceTree = "<group>"; };
		79C10D8B2913D58E0001E03E /* Assets.xcassets */ = {isa = PBXFileReference; lastKnownFileType = folder.assetcatalog; path = Assets.xcassets; sourceTree = "<group>"; };
		79C10D8E2913D58F0001E03E /* Base */ = {isa = PBXFileReference; lastKnownFileType = file.storyboard; name = Base; path = Base.lproj/LaunchScreen.storyboard; sourceTree = "<group>"; };
		79C10D902913D58F0001E03E /* Info.plist */ = {isa = PBXFileReference; lastKnownFileType = text.plist.xml; path = Info.plist; sourceTree = "<group>"; };
		79C10D962913D6340001E03E /* DirectoryViewController.swift */ = {isa = PBXFileReference; lastKnownFileType = sourcecode.swift; path = DirectoryViewController.swift; sourceTree = "<group>"; };
		79C10D982913D6560001E03E /* FileManagerService.swift */ = {isa = PBXFileReference; lastKnownFileType = sourcecode.swift; path = FileManagerService.swift; sourceTree = "<group>"; };
		8F4704F761065DAE67597789 /* Pods-FileManagerApp.release.xcconfig */ = {isa = PBXFileReference; includeInIndex = 1; lastKnownFileType = text.xcconfig; name = "Pods-FileManagerApp.release.xcconfig"; path = "Target Support Files/Pods-FileManagerApp/Pods-FileManagerApp.release.xcconfig"; sourceTree = "<group>"; };
		A10024B78D06DFDDA5BC0880 /* Pods_FileManagerApp.framework */ = {isa = PBXFileReference; explicitFileType = wrapper.framework; includeInIndex = 0; path = Pods_FileManagerApp.framework; sourceTree = BUILT_PRODUCTS_DIR; };
/* End PBXFileReference section */

/* Begin PBXFrameworksBuildPhase section */
		79C10D7C2913D58D0001E03E /* Frameworks */ = {
			isa = PBXFrameworksBuildPhase;
			buildActionMask = 2147483647;
			files = (
				062333304387A537E19A6F4A /* Pods_FileManagerApp.framework in Frameworks */,
				796D32DA2916BB7F00B9C306 /* KeychainAccess in Frameworks */,
			);
			runOnlyForDeploymentPostprocessing = 0;
		};
/* End PBXFrameworksBuildPhase section */

/* Begin PBXGroup section */
		161EF8D9EA75FFEAA6234534 /* Frameworks */ = {
			isa = PBXGroup;
			children = (
				A10024B78D06DFDDA5BC0880 /* Pods_FileManagerApp.framework */,
			);
			name = Frameworks;
			sourceTree = "<group>";
		};
		79688A6D291D14440079804E /* Controllers */ = {
			isa = PBXGroup;
			children = (
				79C10D962913D6340001E03E /* DirectoryViewController.swift */,
				79688A6B291D142B0079804E /* SettingsViewController.swift */,
				799FC3A02915151100A27872 /* PasswordViewController.swift */,
			);
			path = Controllers;
			sourceTree = "<group>";
		};
		79688A6E291D29EB0079804E /* Services */ = {
			isa = PBXGroup;
			children = (
				799FC3A2291542F800A27872 /* KeychainService.swift */,
				79C10D982913D6560001E03E /* FileManagerService.swift */,
			);
			path = Services;
			sourceTree = "<group>";
		};
		79C10D762913D58D0001E03E = {
			isa = PBXGroup;
			children = (
				79C10D812913D58D0001E03E /* FileManagerApp */,
				79C10D802913D58D0001E03E /* Products */,
				CA734A7ED41249E9CF2D7127 /* Pods */,
				161EF8D9EA75FFEAA6234534 /* Frameworks */,
			);
			sourceTree = "<group>";
		};
		79C10D802913D58D0001E03E /* Products */ = {
			isa = PBXGroup;
			children = (
				79C10D7F2913D58D0001E03E /* FileManagerApp.app */,
			);
			name = Products;
			sourceTree = "<group>";
		};
		79C10D812913D58D0001E03E /* FileManagerApp */ = {
			isa = PBXGroup;
			children = (
				79C10D822913D58D0001E03E /* AppDelegate.swift */,
				79688A69291D12820079804E /* Coordinator.swift */,
				79688A6D291D14440079804E /* Controllers */,
				79688A6E291D29EB0079804E /* Services */,
				79688A6F291D58440079804E /* URL+extension.swift */,
				79C10D8B2913D58E0001E03E /* Assets.xcassets */,
				79C10D8D2913D58F0001E03E /* LaunchScreen.storyboard */,
				79C10D902913D58F0001E03E /* Info.plist */,
			);
			path = FileManagerApp;
			sourceTree = "<group>";
		};
		CA734A7ED41249E9CF2D7127 /* Pods */ = {
			isa = PBXGroup;
			children = (
				4107CEC932EDDB40BD935F33 /* Pods-FileManagerApp.debug.xcconfig */,
				8F4704F761065DAE67597789 /* Pods-FileManagerApp.release.xcconfig */,
			);
			path = Pods;
			sourceTree = "<group>";
		};
/* End PBXGroup section */

/* Begin PBXNativeTarget section */
		79C10D7E2913D58D0001E03E /* FileManagerApp */ = {
			isa = PBXNativeTarget;
			buildConfigurationList = 79C10D932913D58F0001E03E /* Build configuration list for PBXNativeTarget "FileManagerApp" */;
			buildPhases = (
				4919395CFEEA5E1BAA04D39B /* [CP] Check Pods Manifest.lock */,
				79C10D7B2913D58D0001E03E /* Sources */,
				79C10D7C2913D58D0001E03E /* Frameworks */,
				79C10D7D2913D58D0001E03E /* Resources */,
				CE210546CEE99A79E2A35226 /* [CP] Embed Pods Frameworks */,
				79688A68291BDE7B0079804E /* ShellScript */,
			);
			buildRules = (
			);
			dependencies = (
			);
			name = FileManagerApp;
			packageProductDependencies = (
				796D32D92916BB7F00B9C306 /* KeychainAccess */,
			);
			productName = FileManagerApp;
			productReference = 79C10D7F2913D58D0001E03E /* FileManagerApp.app */;
			productType = "com.apple.product-type.application";
		};
/* End PBXNativeTarget section */

/* Begin PBXProject section */
		79C10D772913D58D0001E03E /* Project object */ = {
			isa = PBXProject;
			attributes = {
				BuildIndependentTargetsInParallel = 1;
				LastSwiftUpdateCheck = 1400;
				LastUpgradeCheck = 1400;
				TargetAttributes = {
					79C10D7E2913D58D0001E03E = {
						CreatedOnToolsVersion = 14.0.1;
					};
				};
			};
			buildConfigurationList = 79C10D7A2913D58D0001E03E /* Build configuration list for PBXProject "FileManagerApp" */;
			compatibilityVersion = "Xcode 14.0";
			developmentRegion = en;
			hasScannedForEncodings = 0;
			knownRegions = (
				en,
				Base,
			);
			mainGroup = 79C10D762913D58D0001E03E;
			packageReferences = (
				796D32D82916BB7F00B9C306 /* XCRemoteSwiftPackageReference "KeychainAccess" */,
			);
			productRefGroup = 79C10D802913D58D0001E03E /* Products */;
			projectDirPath = "";
			projectRoot = "";
			targets = (
				79C10D7E2913D58D0001E03E /* FileManagerApp */,
			);
		};
/* End PBXProject section */

/* Begin PBXResourcesBuildPhase section */
		79C10D7D2913D58D0001E03E /* Resources */ = {
			isa = PBXResourcesBuildPhase;
			buildActionMask = 2147483647;
			files = (
				79C10D8F2913D58F0001E03E /* LaunchScreen.storyboard in Resources */,
				79C10D8C2913D58E0001E03E /* Assets.xcassets in Resources */,
			);
			runOnlyForDeploymentPostprocessing = 0;
		};
/* End PBXResourcesBuildPhase section */

/* Begin PBXShellScriptBuildPhase section */
		4919395CFEEA5E1BAA04D39B /* [CP] Check Pods Manifest.lock */ = {
			isa = PBXShellScriptBuildPhase;
			buildActionMask = 2147483647;
			files = (
			);
			inputFileListPaths = (
			);
			inputPaths = (
				"${PODS_PODFILE_DIR_PATH}/Podfile.lock",
				"${PODS_ROOT}/Manifest.lock",
			);
			name = "[CP] Check Pods Manifest.lock";
			outputFileListPaths = (
			);
			outputPaths = (
				"$(DERIVED_FILE_DIR)/Pods-FileManagerApp-checkManifestLockResult.txt",
			);
			runOnlyForDeploymentPostprocessing = 0;
			shellPath = /bin/sh;
			shellScript = "diff \"${PODS_PODFILE_DIR_PATH}/Podfile.lock\" \"${PODS_ROOT}/Manifest.lock\" > /dev/null\nif [ $? != 0 ] ; then\n    # print error to STDERR\n    echo \"error: The sandbox is not in sync with the Podfile.lock. Run 'pod install' or update your CocoaPods installation.\" >&2\n    exit 1\nfi\n# This output is used by Xcode 'outputs' to avoid re-running this script phase.\necho \"SUCCESS\" > \"${SCRIPT_OUTPUT_FILE_0}\"\n";
			showEnvVarsInLog = 0;
		};
		79688A68291BDE7B0079804E /* ShellScript */ = {
			isa = PBXShellScriptBuildPhase;
			buildActionMask = 8;
			files = (
			);
			inputFileListPaths = (
			);
			inputPaths = (
			);
			outputFileListPaths = (
			);
			outputPaths = (
			);
			runOnlyForDeploymentPostprocessing = 1;
			shellPath = /bin/sh;
			shellScript = "\"${PODS_ROOT}/SwiftLint/swiftlint\"\n";
		};
		CE210546CEE99A79E2A35226 /* [CP] Embed Pods Frameworks */ = {
			isa = PBXShellScriptBuildPhase;
			buildActionMask = 2147483647;
			files = (
			);
			inputFileListPaths = (
				"${PODS_ROOT}/Target Support Files/Pods-FileManagerApp/Pods-FileManagerApp-frameworks-${CONFIGURATION}-input-files.xcfilelist",
			);
			name = "[CP] Embed Pods Frameworks";
			outputFileListPaths = (
				"${PODS_ROOT}/Target Support Files/Pods-FileManagerApp/Pods-FileManagerApp-frameworks-${CONFIGURATION}-output-files.xcfilelist",
			);
			runOnlyForDeploymentPostprocessing = 0;
			shellPath = /bin/sh;
			shellScript = "\"${PODS_ROOT}/Target Support Files/Pods-FileManagerApp/Pods-FileManagerApp-frameworks.sh\"\n";
			showEnvVarsInLog = 0;
		};
/* End PBXShellScriptBuildPhase section */

/* Begin PBXSourcesBuildPhase section */
		79C10D7B2913D58D0001E03E /* Sources */ = {
			isa = PBXSourcesBuildPhase;
			buildActionMask = 2147483647;
			files = (
				79C10D832913D58D0001E03E /* AppDelegate.swift in Sources */,
				79688A70291D58440079804E /* URL+extension.swift in Sources */,
				799FC3A12915151100A27872 /* PasswordViewController.swift in Sources */,
				79688A6C291D142B0079804E /* SettingsViewController.swift in Sources */,
				79688A6A291D12820079804E /* Coordinator.swift in Sources */,
				79C10D972913D6340001E03E /* DirectoryViewController.swift in Sources */,
				799FC3A3291542F800A27872 /* KeychainService.swift in Sources */,
				79C10D992913D6560001E03E /* FileManagerService.swift in Sources */,
			);
			runOnlyForDeploymentPostprocessing = 0;
		};
/* End PBXSourcesBuildPhase section */

/* Begin PBXVariantGroup section */
		79C10D8D2913D58F0001E03E /* LaunchScreen.storyboard */ = {
			isa = PBXVariantGroup;
			children = (
				79C10D8E2913D58F0001E03E /* Base */,
			);
			name = LaunchScreen.storyboard;
			sourceTree = "<group>";
		};
/* End PBXVariantGroup section */

/* Begin XCBuildConfiguration section */
		79C10D912913D58F0001E03E /* Debug */ = {
			isa = XCBuildConfiguration;
			buildSettings = {
				ALWAYS_SEARCH_USER_PATHS = NO;
				CLANG_ANALYZER_NONNULL = YES;
				CLANG_ANALYZER_NUMBER_OBJECT_CONVERSION = YES_AGGRESSIVE;
				CLANG_CXX_LANGUAGE_STANDARD = "gnu++20";
				CLANG_ENABLE_MODULES = YES;
				CLANG_ENABLE_OBJC_ARC = YES;
				CLANG_ENABLE_OBJC_WEAK = YES;
				CLANG_WARN_BLOCK_CAPTURE_AUTORELEASING = YES;
				CLANG_WARN_BOOL_CONVERSION = YES;
				CLANG_WARN_COMMA = YES;
				CLANG_WARN_CONSTANT_CONVERSION = YES;
				CLANG_WARN_DEPRECATED_OBJC_IMPLEMENTATIONS = YES;
				CLANG_WARN_DIRECT_OBJC_ISA_USAGE = YES_ERROR;
				CLANG_WARN_DOCUMENTATION_COMMENTS = YES;
				CLANG_WARN_EMPTY_BODY = YES;
				CLANG_WARN_ENUM_CONVERSION = YES;
				CLANG_WARN_INFINITE_RECURSION = YES;
				CLANG_WARN_INT_CONVERSION = YES;
				CLANG_WARN_NON_LITERAL_NULL_CONVERSION = YES;
				CLANG_WARN_OBJC_IMPLICIT_RETAIN_SELF = YES;
				CLANG_WARN_OBJC_LITERAL_CONVERSION = YES;
				CLANG_WARN_OBJC_ROOT_CLASS = YES_ERROR;
				CLANG_WARN_QUOTED_INCLUDE_IN_FRAMEWORK_HEADER = YES;
				CLANG_WARN_RANGE_LOOP_ANALYSIS = YES;
				CLANG_WARN_STRICT_PROTOTYPES = YES;
				CLANG_WARN_SUSPICIOUS_MOVE = YES;
				CLANG_WARN_UNGUARDED_AVAILABILITY = YES_AGGRESSIVE;
				CLANG_WARN_UNREACHABLE_CODE = YES;
				CLANG_WARN__DUPLICATE_METHOD_MATCH = YES;
				COPY_PHASE_STRIP = NO;
				DEBUG_INFORMATION_FORMAT = dwarf;
				ENABLE_STRICT_OBJC_MSGSEND = YES;
				ENABLE_TESTABILITY = YES;
				GCC_C_LANGUAGE_STANDARD = gnu11;
				GCC_DYNAMIC_NO_PIC = NO;
				GCC_NO_COMMON_BLOCKS = YES;
				GCC_OPTIMIZATION_LEVEL = 0;
				GCC_PREPROCESSOR_DEFINITIONS = (
					"DEBUG=1",
					"$(inherited)",
				);
				GCC_WARN_64_TO_32_BIT_CONVERSION = YES;
				GCC_WARN_ABOUT_RETURN_TYPE = YES_ERROR;
				GCC_WARN_UNDECLARED_SELECTOR = YES;
				GCC_WARN_UNINITIALIZED_AUTOS = YES_AGGRESSIVE;
				GCC_WARN_UNUSED_FUNCTION = YES;
				GCC_WARN_UNUSED_VARIABLE = YES;
				IPHONEOS_DEPLOYMENT_TARGET = 14.0;
				MTL_ENABLE_DEBUG_INFO = INCLUDE_SOURCE;
				MTL_FAST_MATH = YES;
				ONLY_ACTIVE_ARCH = YES;
				SDKROOT = iphoneos;
				SWIFT_ACTIVE_COMPILATION_CONDITIONS = DEBUG;
				SWIFT_OPTIMIZATION_LEVEL = "-Onone";
				SWIFT_VERSION = 5.0;
			};
			name = Debug;
		};
		79C10D922913D58F0001E03E /* Release */ = {
			isa = XCBuildConfiguration;
			buildSettings = {
				ALWAYS_SEARCH_USER_PATHS = NO;
				CLANG_ANALYZER_NONNULL = YES;
				CLANG_ANALYZER_NUMBER_OBJECT_CONVERSION = YES_AGGRESSIVE;
				CLANG_CXX_LANGUAGE_STANDARD = "gnu++20";
				CLANG_ENABLE_MODULES = YES;
				CLANG_ENABLE_OBJC_ARC = YES;
				CLANG_ENABLE_OBJC_WEAK = YES;
				CLANG_WARN_BLOCK_CAPTURE_AUTORELEASING = YES;
				CLANG_WARN_BOOL_CONVERSION = YES;
				CLANG_WARN_COMMA = YES;
				CLANG_WARN_CONSTANT_CONVERSION = YES;
				CLANG_WARN_DEPRECATED_OBJC_IMPLEMENTATIONS = YES;
				CLANG_WARN_DIRECT_OBJC_ISA_USAGE = YES_ERROR;
				CLANG_WARN_DOCUMENTATION_COMMENTS = YES;
				CLANG_WARN_EMPTY_BODY = YES;
				CLANG_WARN_ENUM_CONVERSION = YES;
				CLANG_WARN_INFINITE_RECURSION = YES;
				CLANG_WARN_INT_CONVERSION = YES;
				CLANG_WARN_NON_LITERAL_NULL_CONVERSION = YES;
				CLANG_WARN_OBJC_IMPLICIT_RETAIN_SELF = YES;
				CLANG_WARN_OBJC_LITERAL_CONVERSION = YES;
				CLANG_WARN_OBJC_ROOT_CLASS = YES_ERROR;
				CLANG_WARN_QUOTED_INCLUDE_IN_FRAMEWORK_HEADER = YES;
				CLANG_WARN_RANGE_LOOP_ANALYSIS = YES;
				CLANG_WARN_STRICT_PROTOTYPES = YES;
				CLANG_WARN_SUSPICIOUS_MOVE = YES;
				CLANG_WARN_UNGUARDED_AVAILABILITY = YES_AGGRESSIVE;
				CLANG_WARN_UNREACHABLE_CODE = YES;
				CLANG_WARN__DUPLICATE_METHOD_MATCH = YES;
				COPY_PHASE_STRIP = NO;
				DEBUG_INFORMATION_FORMAT = "dwarf-with-dsym";
				ENABLE_NS_ASSERTIONS = NO;
				ENABLE_STRICT_OBJC_MSGSEND = YES;
				GCC_C_LANGUAGE_STANDARD = gnu11;
				GCC_NO_COMMON_BLOCKS = YES;
				GCC_WARN_64_TO_32_BIT_CONVERSION = YES;
				GCC_WARN_ABOUT_RETURN_TYPE = YES_ERROR;
				GCC_WARN_UNDECLARED_SELECTOR = YES;
				GCC_WARN_UNINITIALIZED_AUTOS = YES_AGGRESSIVE;
				GCC_WARN_UNUSED_FUNCTION = YES;
				GCC_WARN_UNUSED_VARIABLE = YES;
				IPHONEOS_DEPLOYMENT_TARGET = 14.0;
				MTL_ENABLE_DEBUG_INFO = NO;
				MTL_FAST_MATH = YES;
				SDKROOT = iphoneos;
				SWIFT_COMPILATION_MODE = wholemodule;
				SWIFT_OPTIMIZATION_LEVEL = "-O";
				SWIFT_VERSION = 5.0;
				VALIDATE_PRODUCT = YES;
			};
			name = Release;
		};
		79C10D942913D58F0001E03E /* Debug */ = {
			isa = XCBuildConfiguration;
			baseConfigurationReference = 4107CEC932EDDB40BD935F33 /* Pods-FileManagerApp.debug.xcconfig */;
			buildSettings = {
				ASSETCATALOG_COMPILER_APPICON_NAME = AppIcon;
				ASSETCATALOG_COMPILER_GLOBAL_ACCENT_COLOR_NAME = AccentColor;
				CODE_SIGN_STYLE = Automatic;
				CURRENT_PROJECT_VERSION = 1;
				DEVELOPMENT_TEAM = V72FC8R65V;
				GENERATE_INFOPLIST_FILE = YES;
				INFOPLIST_FILE = FileManagerApp/Info.plist;
				INFOPLIST_KEY_UIApplicationSupportsIndirectInputEvents = YES;
				INFOPLIST_KEY_UILaunchStoryboardName = LaunchScreen;
				INFOPLIST_KEY_UISupportedInterfaceOrientations_iPad = "UIInterfaceOrientationPortrait UIInterfaceOrientationPortraitUpsideDown UIInterfaceOrientationLandscapeLeft UIInterfaceOrientationLandscapeRight";
				INFOPLIST_KEY_UISupportedInterfaceOrientations_iPhone = "UIInterfaceOrientationPortrait UIInterfaceOrientationLandscapeLeft UIInterfaceOrientationLandscapeRight";
				IPHONEOS_DEPLOYMENT_TARGET = 14.0;
				LD_RUNPATH_SEARCH_PATHS = (
					"$(inherited)",
					"@executable_path/Frameworks",
				);
				MARKETING_VERSION = 1.0;
				PRODUCT_BUNDLE_IDENTIFIER = Roman.FileManagerApp;
				PRODUCT_NAME = "$(TARGET_NAME)";
				SWIFT_EMIT_LOC_STRINGS = YES;
				SWIFT_VERSION = 5.0;
				TARGETED_DEVICE_FAMILY = "1,2";
			};
			name = Debug;
		};
		79C10D952913D58F0001E03E /* Release */ = {
			isa = XCBuildConfiguration;
			baseConfigurationReference = 8F4704F761065DAE67597789 /* Pods-FileManagerApp.release.xcconfig */;
			buildSettings = {
				ASSETCATALOG_COMPILER_APPICON_NAME = AppIcon;
				ASSETCATALOG_COMPILER_GLOBAL_ACCENT_COLOR_NAME = AccentColor;
				CODE_SIGN_STYLE = Automatic;
				CURRENT_PROJECT_VERSION = 1;
				DEVELOPMENT_TEAM = V72FC8R65V;
				GENERATE_INFOPLIST_FILE = YES;
				INFOPLIST_FILE = FileManagerApp/Info.plist;
				INFOPLIST_KEY_UIApplicationSupportsIndirectInputEvents = YES;
				INFOPLIST_KEY_UILaunchStoryboardName = LaunchScreen;
				INFOPLIST_KEY_UISupportedInterfaceOrientations_iPad = "UIInterfaceOrientationPortrait UIInterfaceOrientationPortraitUpsideDown UIInterfaceOrientationLandscapeLeft UIInterfaceOrientationLandscapeRight";
				INFOPLIST_KEY_UISupportedInterfaceOrientations_iPhone = "UIInterfaceOrientationPortrait UIInterfaceOrientationLandscapeLeft UIInterfaceOrientationLandscapeRight";
				IPHONEOS_DEPLOYMENT_TARGET = 14.0;
				LD_RUNPATH_SEARCH_PATHS = (
					"$(inherited)",
					"@executable_path/Frameworks",
				);
				MARKETING_VERSION = 1.0;
				PRODUCT_BUNDLE_IDENTIFIER = Roman.FileManagerApp;
				PRODUCT_NAME = "$(TARGET_NAME)";
				SWIFT_EMIT_LOC_STRINGS = YES;
				SWIFT_VERSION = 5.0;
				TARGETED_DEVICE_FAMILY = "1,2";
			};
			name = Release;
		};
/* End XCBuildConfiguration section */

/* Begin XCConfigurationList section */
		79C10D7A2913D58D0001E03E /* Build configuration list for PBXProject "FileManagerApp" */ = {
			isa = XCConfigurationList;
			buildConfigurations = (
				79C10D912913D58F0001E03E /* Debug */,
				79C10D922913D58F0001E03E /* Release */,
			);
			defaultConfigurationIsVisible = 0;
			defaultConfigurationName = Release;
		};
		79C10D932913D58F0001E03E /* Build configuration list for PBXNativeTarget "FileManagerApp" */ = {
			isa = XCConfigurationList;
			buildConfigurations = (
				79C10D942913D58F0001E03E /* Debug */,
				79C10D952913D58F0001E03E /* Release */,
			);
			defaultConfigurationIsVisible = 0;
			defaultConfigurationName = Release;
		};
/* End XCConfigurationList section */

/* Begin XCRemoteSwiftPackageReference section */
		796D32D82916BB7F00B9C306 /* XCRemoteSwiftPackageReference "KeychainAccess" */ = {
			isa = XCRemoteSwiftPackageReference;
			repositoryURL = "https://github.com/kishikawakatsumi/KeychainAccess";
			requirement = {
				branch = master;
				kind = branch;
			};
		};
/* End XCRemoteSwiftPackageReference section */

/* Begin XCSwiftPackageProductDependency section */
		796D32D92916BB7F00B9C306 /* KeychainAccess */ = {
			isa = XCSwiftPackageProductDependency;
			package = 796D32D82916BB7F00B9C306 /* XCRemoteSwiftPackageReference "KeychainAccess" */;
			productName = KeychainAccess;
		};
/* End XCSwiftPackageProductDependency section */
	};
	rootObject = 79C10D772913D58D0001E03E /* Project object */;
}
